// !$*UTF8*$!
{
	archiveVersion = 1;
	classes = {
	};
	objectVersion = 50;
	objects = {

/* Begin PBXBuildFile section */
		94064B87267E457B00C1E163 /* AppDelegate.swift in Sources */ = {isa = PBXBuildFile; fileRef = 94064B86267E457B00C1E163 /* AppDelegate.swift */; };
		94064B89267E457B00C1E163 /* SceneDelegate.swift in Sources */ = {isa = PBXBuildFile; fileRef = 94064B88267E457B00C1E163 /* SceneDelegate.swift */; };
		94064B8B267E457B00C1E163 /* ViewController.swift in Sources */ = {isa = PBXBuildFile; fileRef = 94064B8A267E457B00C1E163 /* ViewController.swift */; };
		94064B8E267E457B00C1E163 /* Main.storyboard in Resources */ = {isa = PBXBuildFile; fileRef = 94064B8C267E457B00C1E163 /* Main.storyboard */; };
		94064B90267E457C00C1E163 /* Assets.xcassets in Resources */ = {isa = PBXBuildFile; fileRef = 94064B8F267E457C00C1E163 /* Assets.xcassets */; };
		94064B93267E457C00C1E163 /* LaunchScreen.storyboard in Resources */ = {isa = PBXBuildFile; fileRef = 94064B91267E457C00C1E163 /* LaunchScreen.storyboard */; };
		94064B9E267E457C00C1E163 /* QuizTests.swift in Sources */ = {isa = PBXBuildFile; fileRef = 94064B9D267E457C00C1E163 /* QuizTests.swift */; };
		94064BA9267E457C00C1E163 /* QuizUITests.swift in Sources */ = {isa = PBXBuildFile; fileRef = 94064BA8267E457C00C1E163 /* QuizUITests.swift */; };
		94064BB9267E5A0C00C1E163 /* QuizBrain.swift in Sources */ = {isa = PBXBuildFile; fileRef = 94064BB8267E5A0C00C1E163 /* QuizBrain.swift */; };
		94064BBC267E5A8300C1E163 /* Quiz.swift in Sources */ = {isa = PBXBuildFile; fileRef = 94064BBB267E5A8300C1E163 /* Quiz.swift */; };
/* End PBXBuildFile section */

/* Begin PBXContainerItemProxy section */
		94064B9A267E457C00C1E163 /* PBXContainerItemProxy */ = {
			isa = PBXContainerItemProxy;
			containerPortal = 94064B7B267E457B00C1E163 /* Project object */;
			proxyType = 1;
			remoteGlobalIDString = 94064B82267E457B00C1E163;
			remoteInfo = Quiz;
		};
		94064BA5267E457C00C1E163 /* PBXContainerItemProxy */ = {
			isa = PBXContainerItemProxy;
			containerPortal = 94064B7B267E457B00C1E163 /* Project object */;
			proxyType = 1;
			remoteGlobalIDString = 94064B82267E457B00C1E163;
			remoteInfo = Quiz;
		};
/* End PBXContainerItemProxy section */

/* Begin PBXFileReference section */
		94064B83267E457B00C1E163 /* Quiz.app */ = {isa = PBXFileReference; explicitFileType = wrapper.application; includeInIndex = 0; path = Quiz.app; sourceTree = BUILT_PRODUCTS_DIR; };
		94064B86267E457B00C1E163 /* AppDelegate.swift */ = {isa = PBXFileReference; lastKnownFileType = sourcecode.swift; path = AppDelegate.swift; sourceTree = "<group>"; };
		94064B88267E457B00C1E163 /* SceneDelegate.swift */ = {isa = PBXFileReference; lastKnownFileType = sourcecode.swift; path = SceneDelegate.swift; sourceTree = "<group>"; };
		94064B8A267E457B00C1E163 /* ViewController.swift */ = {isa = PBXFileReference; lastKnownFileType = sourcecode.swift; path = ViewController.swift; sourceTree = "<group>"; };
		94064B8D267E457B00C1E163 /* Base */ = {isa = PBXFileReference; lastKnownFileType = file.storyboard; name = Base; path = Base.lproj/Main.storyboard; sourceTree = "<group>"; };
		94064B8F267E457C00C1E163 /* Assets.xcassets */ = {isa = PBXFileReference; lastKnownFileType = folder.assetcatalog; path = Assets.xcassets; sourceTree = "<group>"; };
		94064B92267E457C00C1E163 /* Base */ = {isa = PBXFileReference; lastKnownFileType = file.storyboard; name = Base; path = Base.lproj/LaunchScreen.storyboard; sourceTree = "<group>"; };
		94064B94267E457C00C1E163 /* Info.plist */ = {isa = PBXFileReference; lastKnownFileType = text.plist.xml; path = Info.plist; sourceTree = "<group>"; };
		94064B99267E457C00C1E163 /* QuizTests.xctest */ = {isa = PBXFileReference; explicitFileType = wrapper.cfbundle; includeInIndex = 0; path = QuizTests.xctest; sourceTree = BUILT_PRODUCTS_DIR; };
		94064B9D267E457C00C1E163 /* QuizTests.swift */ = {isa = PBXFileReference; lastKnownFileType = sourcecode.swift; path = QuizTests.swift; sourceTree = "<group>"; };
		94064B9F267E457C00C1E163 /* Info.plist */ = {isa = PBXFileReference; lastKnownFileType = text.plist.xml; path = Info.plist; sourceTree = "<group>"; };
		94064BA4267E457C00C1E163 /* QuizUITests.xctest */ = {isa = PBXFileReference; explicitFileType = wrapper.cfbundle; includeInIndex = 0; path = QuizUITests.xctest; sourceTree = BUILT_PRODUCTS_DIR; };
		94064BA8267E457C00C1E163 /* QuizUITests.swift */ = {isa = PBXFileReference; lastKnownFileType = sourcecode.swift; path = QuizUITests.swift; sourceTree = "<group>"; };
		94064BAA267E457C00C1E163 /* Info.plist */ = {isa = PBXFileReference; lastKnownFileType = text.plist.xml; path = Info.plist; sourceTree = "<group>"; };
		94064BB8267E5A0C00C1E163 /* QuizBrain.swift */ = {isa = PBXFileReference; lastKnownFileType = sourcecode.swift; path = QuizBrain.swift; sourceTree = "<group>"; };
		94064BBB267E5A8300C1E163 /* Quiz.swift */ = {isa = PBXFileReference; lastKnownFileType = sourcecode.swift; path = Quiz.swift; sourceTree = "<group>"; };
/* End PBXFileReference section */

/* Begin PBXFrameworksBuildPhase section */
		94064B80267E457B00C1E163 /* Frameworks */ = {
			isa = PBXFrameworksBuildPhase;
			buildActionMask = 2147483647;
			files = (
			);
			runOnlyForDeploymentPostprocessing = 0;
		};
		94064B96267E457C00C1E163 /* Frameworks */ = {
			isa = PBXFrameworksBuildPhase;
			buildActionMask = 2147483647;
			files = (
			);
			runOnlyForDeploymentPostprocessing = 0;
		};
		94064BA1267E457C00C1E163 /* Frameworks */ = {
			isa = PBXFrameworksBuildPhase;
			buildActionMask = 2147483647;
			files = (
			);
			runOnlyForDeploymentPostprocessing = 0;
		};
/* End PBXFrameworksBuildPhase section */

/* Begin PBXGroup section */
		94064B7A267E457B00C1E163 = {
			isa = PBXGroup;
			children = (
				94064B85267E457B00C1E163 /* Quiz */,
				94064B9C267E457C00C1E163 /* QuizTests */,
				94064BA7267E457C00C1E163 /* QuizUITests */,
				94064B84267E457B00C1E163 /* Products */,
			);
			sourceTree = "<group>";
		};
		94064B84267E457B00C1E163 /* Products */ = {
			isa = PBXGroup;
			children = (
				94064B83267E457B00C1E163 /* Quiz.app */,
				94064B99267E457C00C1E163 /* QuizTests.xctest */,
				94064BA4267E457C00C1E163 /* QuizUITests.xctest */,
			);
			name = Products;
			sourceTree = "<group>";
		};
		94064B85267E457B00C1E163 /* Quiz */ = {
			isa = PBXGroup;
			children = (
				94064B86267E457B00C1E163 /* AppDelegate.swift */,
				94064B88267E457B00C1E163 /* SceneDelegate.swift */,
				94064B8F267E457C00C1E163 /* Assets.xcassets */,
				94064B91267E457C00C1E163 /* LaunchScreen.storyboard */,
				94064B94267E457C00C1E163 /* Info.plist */,
				94064BBA267E5A1100C1E163 /* Model */,
				94064BB6267E59E900C1E163 /* View */,
				94064BB7267E59F500C1E163 /* Controller */,
			);
			path = Quiz;
			sourceTree = "<group>";
		};
		94064B9C267E457C00C1E163 /* QuizTests */ = {
			isa = PBXGroup;
			children = (
				94064B9D267E457C00C1E163 /* QuizTests.swift */,
				94064B9F267E457C00C1E163 /* Info.plist */,
			);
			path = QuizTests;
			sourceTree = "<group>";
		};
		94064BA7267E457C00C1E163 /* QuizUITests */ = {
			isa = PBXGroup;
			children = (
				94064BA8267E457C00C1E163 /* QuizUITests.swift */,
				94064BAA267E457C00C1E163 /* Info.plist */,
			);
			path = QuizUITests;
			sourceTree = "<group>";
		};
		94064BB6267E59E900C1E163 /* View */ = {
			isa = PBXGroup;
			children = (
				94064B8C267E457B00C1E163 /* Main.storyboard */,
			);
			path = View;
			sourceTree = "<group>";
		};
		94064BB7267E59F500C1E163 /* Controller */ = {
			isa = PBXGroup;
			children = (
				94064B8A267E457B00C1E163 /* ViewController.swift */,
			);
			path = Controller;
			sourceTree = "<group>";
		};
		94064BBA267E5A1100C1E163 /* Model */ = {
			isa = PBXGroup;
			children = (
				94064BB8267E5A0C00C1E163 /* QuizBrain.swift */,
				94064BBB267E5A8300C1E163 /* Quiz.swift */,
			);
			path = Model;
			sourceTree = "<group>";
		};
/* End PBXGroup section */

/* Begin PBXNativeTarget section */
		94064B82267E457B00C1E163 /* Quiz */ = {
			isa = PBXNativeTarget;
			buildConfigurationList = 94064BAD267E457C00C1E163 /* Build configuration list for PBXNativeTarget "Quiz" */;
			buildPhases = (
				94064B7F267E457B00C1E163 /* Sources */,
				94064B80267E457B00C1E163 /* Frameworks */,
				94064B81267E457B00C1E163 /* Resources */,
			);
			buildRules = (
			);
			dependencies = (
			);
			name = Quiz;
			productName = Quiz;
			productReference = 94064B83267E457B00C1E163 /* Quiz.app */;
			productType = "com.apple.product-type.application";
		};
		94064B98267E457C00C1E163 /* QuizTests */ = {
			isa = PBXNativeTarget;
			buildConfigurationList = 94064BB0267E457C00C1E163 /* Build configuration list for PBXNativeTarget "QuizTests" */;
			buildPhases = (
				94064B95267E457C00C1E163 /* Sources */,
				94064B96267E457C00C1E163 /* Frameworks */,
				94064B97267E457C00C1E163 /* Resources */,
			);
			buildRules = (
			);
			dependencies = (
				94064B9B267E457C00C1E163 /* PBXTargetDependency */,
			);
			name = QuizTests;
			productName = QuizTests;
			productReference = 94064B99267E457C00C1E163 /* QuizTests.xctest */;
			productType = "com.apple.product-type.bundle.unit-test";
		};
		94064BA3267E457C00C1E163 /* QuizUITests */ = {
			isa = PBXNativeTarget;
			buildConfigurationList = 94064BB3267E457C00C1E163 /* Build configuration list for PBXNativeTarget "QuizUITests" */;
			buildPhases = (
				94064BA0267E457C00C1E163 /* Sources */,
				94064BA1267E457C00C1E163 /* Frameworks */,
				94064BA2267E457C00C1E163 /* Resources */,
			);
			buildRules = (
			);
			dependencies = (
				94064BA6267E457C00C1E163 /* PBXTargetDependency */,
			);
			name = QuizUITests;
			productName = QuizUITests;
			productReference = 94064BA4267E457C00C1E163 /* QuizUITests.xctest */;
			productType = "com.apple.product-type.bundle.ui-testing";
		};
/* End PBXNativeTarget section */

/* Begin PBXProject section */
		94064B7B267E457B00C1E163 /* Project object */ = {
			isa = PBXProject;
			attributes = {
				LastSwiftUpdateCheck = 1250;
				LastUpgradeCheck = 1250;
				TargetAttributes = {
					94064B82267E457B00C1E163 = {
						CreatedOnToolsVersion = 12.5;
					};
					94064B98267E457C00C1E163 = {
						CreatedOnToolsVersion = 12.5;
						TestTargetID = 94064B82267E457B00C1E163;
					};
					94064BA3267E457C00C1E163 = {
						CreatedOnToolsVersion = 12.5;
						TestTargetID = 94064B82267E457B00C1E163;
					};
				};
			};
			buildConfigurationList = 94064B7E267E457B00C1E163 /* Build configuration list for PBXProject "Quiz" */;
			compatibilityVersion = "Xcode 9.3";
			developmentRegion = en;
			hasScannedForEncodings = 0;
			knownRegions = (
				en,
				Base,
			);
			mainGroup = 94064B7A267E457B00C1E163;
			productRefGroup = 94064B84267E457B00C1E163 /* Products */;
			projectDirPath = "";
			projectRoot = "";
			targets = (
				94064B82267E457B00C1E163 /* Quiz */,
				94064B98267E457C00C1E163 /* QuizTests */,
				94064BA3267E457C00C1E163 /* QuizUITests */,
			);
		};
/* End PBXProject section */

/* Begin PBXResourcesBuildPhase section */
		94064B81267E457B00C1E163 /* Resources */ = {
			isa = PBXResourcesBuildPhase;
			buildActionMask = 2147483647;
			files = (
				94064B93267E457C00C1E163 /* LaunchScreen.storyboard in Resources */,
				94064B90267E457C00C1E163 /* Assets.xcassets in Resources */,
				94064B8E267E457B00C1E163 /* Main.storyboard in Resources */,
			);
			runOnlyForDeploymentPostprocessing = 0;
		};
		94064B97267E457C00C1E163 /* Resources */ = {
			isa = PBXResourcesBuildPhase;
			buildActionMask = 2147483647;
			files = (
			);
			runOnlyForDeploymentPostprocessing = 0;
		};
		94064BA2267E457C00C1E163 /* Resources */ = {
			isa = PBXResourcesBuildPhase;
			buildActionMask = 2147483647;
			files = (
			);
			runOnlyForDeploymentPostprocessing = 0;
		};
/* End PBXResourcesBuildPhase section */

/* Begin PBXSourcesBuildPhase section */
		94064B7F267E457B00C1E163 /* Sources */ = {
			isa = PBXSourcesBuildPhase;
			buildActionMask = 2147483647;
			files = (
				94064B8B267E457B00C1E163 /* ViewController.swift in Sources */,
				94064BBC267E5A8300C1E163 /* Quiz.swift in Sources */,
				94064B87267E457B00C1E163 /* AppDelegate.swift in Sources */,
				94064B89267E457B00C1E163 /* SceneDelegate.swift in Sources */,
				94064BB9267E5A0C00C1E163 /* QuizBrain.swift in Sources */,
			);
			runOnlyForDeploymentPostprocessing = 0;
		};
		94064B95267E457C00C1E163 /* Sources */ = {
			isa = PBXSourcesBuildPhase;
			buildActionMask = 2147483647;
			files = (
				94064B9E267E457C00C1E163 /* QuizTests.swift in Sources */,
			);
			runOnlyForDeploymentPostprocessing = 0;
		};
		94064BA0267E457C00C1E163 /* Sources */ = {
			isa = PBXSourcesBuildPhase;
			buildActionMask = 2147483647;
			files = (
				94064BA9267E457C00C1E163 /* QuizUITests.swift in Sources */,
			);
			runOnlyForDeploymentPostprocessing = 0;
		};
/* End PBXSourcesBuildPhase section */

/* Begin PBXTargetDependency section */
		94064B9B267E457C00C1E163 /* PBXTargetDependency */ = {
			isa = PBXTargetDependency;
			target = 94064B82267E457B00C1E163 /* Quiz */;
			targetProxy = 94064B9A267E457C00C1E163 /* PBXContainerItemProxy */;
		};
		94064BA6267E457C00C1E163 /* PBXTargetDependency */ = {
			isa = PBXTargetDependency;
			target = 94064B82267E457B00C1E163 /* Quiz */;
			targetProxy = 94064BA5267E457C00C1E163 /* PBXContainerItemProxy */;
		};
/* End PBXTargetDependency section */

/* Begin PBXVariantGroup section */
		94064B8C267E457B00C1E163 /* Main.storyboard */ = {
			isa = PBXVariantGroup;
			children = (
				94064B8D267E457B00C1E163 /* Base */,
			);
			name = Main.storyboard;
			sourceTree = "<group>";
		};
		94064B91267E457C00C1E163 /* LaunchScreen.storyboard */ = {
			isa = PBXVariantGroup;
			children = (
				94064B92267E457C00C1E163 /* Base */,
			);
			name = LaunchScreen.storyboard;
			sourceTree = "<group>";
		};
/* End PBXVariantGroup section */

/* Begin XCBuildConfiguration section */
		94064BAB267E457C00C1E163 /* Debug */ = {
			isa = XCBuildConfiguration;
			buildSettings = {
				ALWAYS_SEARCH_USER_PATHS = NO;
				CLANG_ANALYZER_NONNULL = YES;
				CLANG_ANALYZER_NUMBER_OBJECT_CONVERSION = YES_AGGRESSIVE;
				CLANG_CXX_LANGUAGE_STANDARD = "gnu++14";
				CLANG_CXX_LIBRARY = "libc++";
				CLANG_ENABLE_MODULES = YES;
				CLANG_ENABLE_OBJC_ARC = YES;
				CLANG_ENABLE_OBJC_WEAK = YES;
				CLANG_WARN_BLOCK_CAPTURE_AUTORELEASING = YES;
				CLANG_WARN_BOOL_CONVERSION = YES;
				CLANG_WARN_COMMA = YES;
				CLANG_WARN_CONSTANT_CONVERSION = YES;
				CLANG_WARN_DEPRECATED_OBJC_IMPLEMENTATIONS = YES;
				CLANG_WARN_DIRECT_OBJC_ISA_USAGE = YES_ERROR;
				CLANG_WARN_DOCUMENTATION_COMMENTS = YES;
				CLANG_WARN_EMPTY_BODY = YES;
				CLANG_WARN_ENUM_CONVERSION = YES;
				CLANG_WARN_INFINITE_RECURSION = YES;
				CLANG_WARN_INT_CONVERSION = YES;
				CLANG_WARN_NON_LITERAL_NULL_CONVERSION = YES;
				CLANG_WARN_OBJC_IMPLICIT_RETAIN_SELF = YES;
				CLANG_WARN_OBJC_LITERAL_CONVERSION = YES;
				CLANG_WARN_OBJC_ROOT_CLASS = YES_ERROR;
				CLANG_WARN_QUOTED_INCLUDE_IN_FRAMEWORK_HEADER = YES;
				CLANG_WARN_RANGE_LOOP_ANALYSIS = YES;
				CLANG_WARN_STRICT_PROTOTYPES = YES;
				CLANG_WARN_SUSPICIOUS_MOVE = YES;
				CLANG_WARN_UNGUARDED_AVAILABILITY = YES_AGGRESSIVE;
				CLANG_WARN_UNREACHABLE_CODE = YES;
				CLANG_WARN__DUPLICATE_METHOD_MATCH = YES;
				COPY_PHASE_STRIP = NO;
				DEBUG_INFORMATION_FORMAT = dwarf;
				ENABLE_STRICT_OBJC_MSGSEND = YES;
				ENABLE_TESTABILITY = YES;
				GCC_C_LANGUAGE_STANDARD = gnu11;
				GCC_DYNAMIC_NO_PIC = NO;
				GCC_NO_COMMON_BLOCKS = YES;
				GCC_OPTIMIZATION_LEVEL = 0;
				GCC_PREPROCESSOR_DEFINITIONS = (
					"DEBUG=1",
					"$(inherited)",
				);
				GCC_WARN_64_TO_32_BIT_CONVERSION = YES;
				GCC_WARN_ABOUT_RETURN_TYPE = YES_ERROR;
				GCC_WARN_UNDECLARED_SELECTOR = YES;
				GCC_WARN_UNINITIALIZED_AUTOS = YES_AGGRESSIVE;
				GCC_WARN_UNUSED_FUNCTION = YES;
				GCC_WARN_UNUSED_VARIABLE = YES;
				IPHONEOS_DEPLOYMENT_TARGET = 14.5;
				MTL_ENABLE_DEBUG_INFO = INCLUDE_SOURCE;
				MTL_FAST_MATH = YES;
				ONLY_ACTIVE_ARCH = YES;
				SDKROOT = iphoneos;
				SWIFT_ACTIVE_COMPILATION_CONDITIONS = DEBUG;
				SWIFT_OPTIMIZATION_LEVEL = "-Onone";
			};
			name = Debug;
		};
		94064BAC267E457C00C1E163 /* Release */ = {
			isa = XCBuildConfiguration;
			buildSettings = {
				ALWAYS_SEARCH_USER_PATHS = NO;
				CLANG_ANALYZER_NONNULL = YES;
				CLANG_ANALYZER_NUMBER_OBJECT_CONVERSION = YES_AGGRESSIVE;
				CLANG_CXX_LANGUAGE_STANDARD = "gnu++14";
				CLANG_CXX_LIBRARY = "libc++";
				CLANG_ENABLE_MODULES = YES;
				CLANG_ENABLE_OBJC_ARC = YES;
				CLANG_ENABLE_OBJC_WEAK = YES;
				CLANG_WARN_BLOCK_CAPTURE_AUTORELEASING = YES;
				CLANG_WARN_BOOL_CONVERSION = YES;
				CLANG_WARN_COMMA = YES;
				CLANG_WARN_CONSTANT_CONVERSION = YES;
				CLANG_WARN_DEPRECATED_OBJC_IMPLEMENTATIONS = YES;
				CLANG_WARN_DIRECT_OBJC_ISA_USAGE = YES_ERROR;
				CLANG_WARN_DOCUMENTATION_COMMENTS = YES;
				CLANG_WARN_EMPTY_BODY = YES;
				CLANG_WARN_ENUM_CONVERSION = YES;
				CLANG_WARN_INFINITE_RECURSION = YES;
				CLANG_WARN_INT_CONVERSION = YES;
				CLANG_WARN_NON_LITERAL_NULL_CONVERSION = YES;
				CLANG_WARN_OBJC_IMPLICIT_RETAIN_SELF = YES;
				CLANG_WARN_OBJC_LITERAL_CONVERSION = YES;
				CLANG_WARN_OBJC_ROOT_CLASS = YES_ERROR;
				CLANG_WARN_QUOTED_INCLUDE_IN_FRAMEWORK_HEADER = YES;
				CLANG_WARN_RANGE_LOOP_ANALYSIS = YES;
				CLANG_WARN_STRICT_PROTOTYPES = YES;
				CLANG_WARN_SUSPICIOUS_MOVE = YES;
				CLANG_WARN_UNGUARDED_AVAILABILITY = YES_AGGRESSIVE;
				CLANG_WARN_UNREACHABLE_CODE = YES;
				CLANG_WARN__DUPLICATE_METHOD_MATCH = YES;
				COPY_PHASE_STRIP = NO;
				DEBUG_INFORMATION_FORMAT = "dwarf-with-dsym";
				ENABLE_NS_ASSERTIONS = NO;
				ENABLE_STRICT_OBJC_MSGSEND = YES;
				GCC_C_LANGUAGE_STANDARD = gnu11;
				GCC_NO_COMMON_BLOCKS = YES;
				GCC_WARN_64_TO_32_BIT_CONVERSION = YES;
				GCC_WARN_ABOUT_RETURN_TYPE = YES_ERROR;
				GCC_WARN_UNDECLARED_SELECTOR = YES;
				GCC_WARN_UNINITIALIZED_AUTOS = YES_AGGRESSIVE;
				GCC_WARN_UNUSED_FUNCTION = YES;
				GCC_WARN_UNUSED_VARIABLE = YES;
				IPHONEOS_DEPLOYMENT_TARGET = 14.5;
				MTL_ENABLE_DEBUG_INFO = NO;
				MTL_FAST_MATH = YES;
				SDKROOT = iphoneos;
				SWIFT_COMPILATION_MODE = wholemodule;
				SWIFT_OPTIMIZATION_LEVEL = "-O";
				VALIDATE_PRODUCT = YES;
			};
			name = Release;
		};
		94064BAE267E457C00C1E163 /* Debug */ = {
			isa = XCBuildConfiguration;
			buildSettings = {
				ASSETCATALOG_COMPILER_APPICON_NAME = AppIcon;
				ASSETCATALOG_COMPILER_GLOBAL_ACCENT_COLOR_NAME = AccentColor;
				ASSETCATALOG_NOTICES = YES;
				ASSETCATALOG_WARNINGS = YES;
				CODE_SIGN_STYLE = Automatic;
				DEVELOPMENT_TEAM = DLMFN4KDDD;
				INFOPLIST_FILE = Quiz/Info.plist;
				IPHONEOS_DEPLOYMENT_TARGET = 13.0;
				LD_RUNPATH_SEARCH_PATHS = (
					"$(inherited)",
					"@executable_path/Frameworks",
				);
				PRODUCT_BUNDLE_IDENTIFIER = com.kartalemreburuk.com.Quiz;
				PRODUCT_NAME = "$(TARGET_NAME)";
				SWIFT_VERSION = 5.0;
				TARGETED_DEVICE_FAMILY = "1,2";
			};
			name = Debug;
		};
		94064BAF267E457C00C1E163 /* Release */ = {
			isa = XCBuildConfiguration;
			buildSettings = {
				ASSETCATALOG_COMPILER_APPICON_NAME = AppIcon;
				ASSETCATALOG_COMPILER_GLOBAL_ACCENT_COLOR_NAME = AccentColor;
				ASSETCATALOG_NOTICES = YES;
				ASSETCATALOG_WARNINGS = YES;
				CODE_SIGN_STYLE = Automatic;
				DEVELOPMENT_TEAM = DLMFN4KDDD;
				INFOPLIST_FILE = Quiz/Info.plist;
				IPHONEOS_DEPLOYMENT_TARGET = 13.0;
				LD_RUNPATH_SEARCH_PATHS = (
					"$(inherited)",
					"@executable_path/Frameworks",
				);
				PRODUCT_BUNDLE_IDENTIFIER = com.kartalemreburuk.com.Quiz;
				PRODUCT_NAME = "$(TARGET_NAME)";
				SWIFT_VERSION = 5.0;
				TARGETED_DEVICE_FAMILY = "1,2";
			};
			name = Release;
		};
		94064BB1267E457C00C1E163 /* Debug */ = {
			isa = XCBuildConfiguration;
			buildSettings = {
				ALWAYS_EMBED_SWIFT_STANDARD_LIBRARIES = YES;
				BUNDLE_LOADER = "$(TEST_HOST)";
				CODE_SIGN_STYLE = Automatic;
				DEVELOPMENT_TEAM = DLMFN4KDDD;
				INFOPLIST_FILE = QuizTests/Info.plist;
				IPHONEOS_DEPLOYMENT_TARGET = 14.5;
				LD_RUNPATH_SEARCH_PATHS = (
					"$(inherited)",
					"@executable_path/Frameworks",
					"@loader_path/Frameworks",
				);
				PRODUCT_BUNDLE_IDENTIFIER = com.kartalemreburuk.com.QuizTests;
				PRODUCT_NAME = "$(TARGET_NAME)";
				SWIFT_VERSION = 5.0;
				TARGETED_DEVICE_FAMILY = "1,2";
				TEST_HOST = "$(BUILT_PRODUCTS_DIR)/Quiz.app/Quiz";
			};
			name = Debug;
		};
		94064BB2267E457C00C1E163 /* Release */ = {
			isa = XCBuildConfiguration;
			buildSettings = {
				ALWAYS_EMBED_SWIFT_STANDARD_LIBRARIES = YES;
				BUNDLE_LOADER = "$(TEST_HOST)";
				CODE_SIGN_STYLE = Automatic;
				DEVELOPMENT_TEAM = DLMFN4KDDD;
				INFOPLIST_FILE = QuizTests/Info.plist;
				IPHONEOS_DEPLOYMENT_TARGET = 14.5;
				LD_RUNPATH_SEARCH_PATHS = (
					"$(inherited)",
					"@executable_path/Frameworks",
					"@loader_path/Frameworks",
				);
				PRODUCT_BUNDLE_IDENTIFIER = com.kartalemreburuk.com.QuizTests;
				PRODUCT_NAME = "$(TARGET_NAME)";
				SWIFT_VERSION = 5.0;
				TARGETED_DEVICE_FAMILY = "1,2";
				TEST_HOST = "$(BUILT_PRODUCTS_DIR)/Quiz.app/Quiz";
			};
			name = Release;
		};
		94064BB4267E457C00C1E163 /* Debug */ = {
			isa = XCBuildConfiguration;
			buildSettings = {
				ALWAYS_EMBED_SWIFT_STANDARD_LIBRARIES = YES;
				CODE_SIGN_STYLE = Automatic;
				DEVELOPMENT_TEAM = DLMFN4KDDD;
				INFOPLIST_FILE = QuizUITests/Info.plist;
				LD_RUNPATH_SEARCH_PATHS = (
					"$(inherited)",
					"@executable_path/Frameworks",
					"@loader_path/Frameworks",
				);
				PRODUCT_BUNDLE_IDENTIFIER = com.kartalemreburuk.com.QuizUITests;
				PRODUCT_NAME = "$(TARGET_NAME)";
				SWIFT_VERSION = 5.0;
				TARGETED_DEVICE_FAMILY = "1,2";
				TEST_TARGET_NAME = Quiz;
			};
			name = Debug;
		};
		94064BB5267E457C00C1E163 /* Release */ = {
			isa = XCBuildConfiguration;
			buildSettings = {
				ALWAYS_EMBED_SWIFT_STANDARD_LIBRARIES = YES;
				CODE_SIGN_STYLE = Automatic;
				DEVELOPMENT_TEAM = DLMFN4KDDD;
				INFOPLIST_FILE = QuizUITests/Info.plist;
				LD_RUNPATH_SEARCH_PATHS = (
					"$(inherited)",
					"@executable_path/Frameworks",
					"@loader_path/Frameworks",
				);
				PRODUCT_BUNDLE_IDENTIFIER = com.kartalemreburuk.com.QuizUITests;
				PRODUCT_NAME = "$(TARGET_NAME)";
				SWIFT_VERSION = 5.0;
				TARGETED_DEVICE_FAMILY = "1,2";
				TEST_TARGET_NAME = Quiz;
			};
			name = Release;
		};
/* End XCBuildConfiguration section */

/* Begin XCConfigurationList section */
		94064B7E267E457B00C1E163 /* Build configuration list for PBXProject "Quiz" */ = {
			isa = XCConfigurationList;
			buildConfigurations = (
				94064BAB267E457C00C1E163 /* Debug */,
				94064BAC267E457C00C1E163 /* Release */,
			);
			defaultConfigurationIsVisible = 0;
			defaultConfigurationName = Release;
		};
		94064BAD267E457C00C1E163 /* Build configuration list for PBXNativeTarget "Quiz" */ = {
			isa = XCConfigurationList;
			buildConfigurations = (
				94064BAE267E457C00C1E163 /* Debug */,
				94064BAF267E457C00C1E163 /* Release */,
			);
			defaultConfigurationIsVisible = 0;
			defaultConfigurationName = Release;
		};
		94064BB0267E457C00C1E163 /* Build configuration list for PBXNativeTarget "QuizTests" */ = {
			isa = XCConfigurationList;
			buildConfigurations = (
				94064BB1267E457C00C1E163 /* Debug */,
				94064BB2267E457C00C1E163 /* Release */,
			);
			defaultConfigurationIsVisible = 0;
			defaultConfigurationName = Release;
		};
		94064BB3267E457C00C1E163 /* Build configuration list for PBXNativeTarget "QuizUITests" */ = {
			isa = XCConfigurationList;
			buildConfigurations = (
				94064BB4267E457C00C1E163 /* Debug */,
				94064BB5267E457C00C1E163 /* Release */,
			);
			defaultConfigurationIsVisible = 0;
			defaultConfigurationName = Release;
		};
/* End XCConfigurationList section */
	};
	rootObject = 94064B7B267E457B00C1E163 /* Project object */;
}
